
Microsoft Visual Studio Solution File, Format Version 12.00
# Visual Studio Version 17
VisualStudioVersion = 17.4.33403.182
MinimumVisualStudioVersion = 10.0.40219.1
Project("{F184B08F-C81C-45F6-A57F-5ABD9991F28F}") = "LithExMrxdV2", "LithExMrxdV2.vbproj", "{1F87D31F-3B78-4A4C-90F2-69229CA09A10}"
EndProject
Global
	GlobalSection(SolutionConfigurationPlatforms) = preSolution
		Debug|Any CPU = Debug|Any CPU
		Release|Any CPU = Release|Any CPU
	EndGlobalSection
	GlobalSection(ProjectConfigurationPlatforms) = postSolution
		{1F87D31F-3B78-4A4C-90F2-69229CA09A10}.Debug|Any CPU.ActiveCfg = Debug|Any CPU
		{1F87D31F-3B78-4A4C-90F2-69229CA09A10}.Debug|Any CPU.Build.0 = Debug|Any CPU
		{1F87D31F-3B78-4A4C-90F2-69229CA09A10}.Release|Any CPU.ActiveCfg = Release|Any CPU
		{1F87D31F-3B78-4A4C-90F2-69229CA09A10}.Release|Any CPU.Build.0 = Release|Any CPU
	EndGlobalSection
	GlobalSection(SolutionProperties) = preSolution
		HideSolutionNode = FALSE
	EndGlobalSection
	GlobalSection(ExtensibilityGlobals) = postSolution
		SolutionGuid = {0155D12F-D5F3-4ADA-A097-E498D85A541F}
	EndGlobalSection
EndGlobal
